# This file is automatically @generated by Cargo.
# It is not intended for manual editing.
[[package]]
name = "autocfg"
version = "0.1.7"
source = "registry+https://github.com/rust-lang/crates.io-index"
checksum = "1d49d90015b3c36167a20fe2810c5cd875ad504b39cff3d4eae7977e6b7c1cb2"

[[package]]
name = "autocfg"
version = "1.0.1"
source = "registry+https://github.com/rust-lang/crates.io-index"
checksum = "cdb031dd78e28731d87d56cc8ffef4a8f36ca26c38fe2de700543e627f8a464a"

[[package]]
name = "basic_ml"
version = "0.1.0"
dependencies = [
 "expm",
 "ndarray 0.15.3",
 "openblas-src",
 "rand 0.8.4",
]

[[package]]
name = "bitflags"
version = "1.2.1"
source = "registry+https://github.com/rust-lang/crates.io-index"
checksum = "cf1de2fe8c75bc145a2f577add951f8134889b4795d47466a54a5c846d691693"

[[package]]
name = "byteorder"
version = "1.4.3"
source = "registry+https://github.com/rust-lang/crates.io-index"
checksum = "14c189c53d098945499cdfa7ecc63567cf3886b3332b312a5b4585d8d3a6a610"

[[package]]
name = "cblas"
version = "0.2.0"
source = "registry+https://github.com/rust-lang/crates.io-index"
checksum = "d82f331add33eceb4c41cb28d878049b96f56577016daf190831e94e4aece5db"
dependencies = [
 "cblas-sys",
 "libc",
 "num-complex 0.2.4",
]

[[package]]
name = "cblas-sys"
version = "0.1.4"
source = "registry+https://github.com/rust-lang/crates.io-index"
checksum = "b6feecd82cce51b0204cf063f0041d69f24ce83f680d87514b004248e7b0fa65"
dependencies = [
 "libc",
]

[[package]]
name = "cfg-if"
version = "1.0.0"
source = "registry+https://github.com/rust-lang/crates.io-index"
checksum = "baf1de4339761588bc0619e3cbc0120ee582ebb74b53b4efbf79117bd2da40fd"

[[package]]
name = "cloudabi"
version = "0.0.3"
source = "registry+https://github.com/rust-lang/crates.io-index"
checksum = "ddfc5b9aa5d4507acaf872de71051dfd0e309860e88966e1051e462a077aac4f"
dependencies = [
 "bitflags",
]

[[package]]
name = "condest"
version = "0.2.1"
source = "registry+https://github.com/rust-lang/crates.io-index"
checksum = "81ac6dbd1a0ba5420419b4a8ab8b43e8f238d23fd739661f642554160ec53411"
dependencies = [
 "cblas",
 "lapacke",
 "ndarray 0.12.1",
 "ordered-float",
 "rand 0.6.5",
 "rand_xoshiro",
]

[[package]]
name = "dirs"
version = "3.0.2"
source = "registry+https://github.com/rust-lang/crates.io-index"
checksum = "30baa043103c9d0c2a57cf537cc2f35623889dc0d405e6c3cccfadbc81c71309"
dependencies = [
 "dirs-sys",
]

[[package]]
name = "dirs-sys"
version = "0.3.6"
source = "registry+https://github.com/rust-lang/crates.io-index"
checksum = "03d86534ed367a67548dc68113a0f5db55432fdfbb6e6f9d77704397d95d5780"
dependencies = [
 "libc",
 "redox_users",
 "winapi",
]

[[package]]
name = "either"
version = "1.6.1"
source = "registry+https://github.com/rust-lang/crates.io-index"
checksum = "e78d4f1cc4ae33bbfc157ed5d5a5ef3bc29227303d595861deb238fcec4e9457"

[[package]]
name = "expm"
version = "0.1.2"
source = "git+https://github.com/SuperFluffy/rust-expm?tag=v0.1.2#95b49f9bf0312be1f607ea9d79e5c66050416f86"
dependencies = [
 "cblas",
 "condest",
 "lapacke",
 "ndarray 0.12.1",
 "statrs",
]

[[package]]
name = "fuchsia-cprng"
version = "0.1.1"
source = "registry+https://github.com/rust-lang/crates.io-index"
checksum = "a06f77d526c1a601b7c4cdd98f54b5eaabffc14d5f2f0296febdc7f357c6d3ba"

[[package]]
name = "getrandom"
version = "0.2.3"
source = "registry+https://github.com/rust-lang/crates.io-index"
checksum = "7fcd999463524c52659517fe2cea98493cfe485d10565e7b0fb07dbba7ad2753"
dependencies = [
 "cfg-if",
 "libc",
 "wasi",
]

[[package]]
name = "itertools"
version = "0.7.11"
source = "registry+https://github.com/rust-lang/crates.io-index"
checksum = "0d47946d458e94a1b7bcabbf6521ea7c037062c81f534615abcad76e84d4970d"
dependencies = [
 "either",
]

[[package]]
name = "lapacke"
version = "0.2.0"
source = "registry+https://github.com/rust-lang/crates.io-index"
checksum = "4bce9d3464fe3be72376bcbe3dc4df22dd368ca228b62e8415d2c7b09bb58677"
dependencies = [
 "lapacke-sys",
 "libc",
 "num-complex 0.2.4",
]

[[package]]
name = "lapacke-sys"
version = "0.1.4"
source = "registry+https://github.com/rust-lang/crates.io-index"
checksum = "2f7d0817c6f4a6029f3b153de01d6498dcf9df659a7536c58bd8df5cd3ccaa6e"
dependencies = [
 "libc",
]

[[package]]
name = "libc"
version = "0.2.98"
source = "registry+https://github.com/rust-lang/crates.io-index"
checksum = "320cfe77175da3a483efed4bc0adc1968ca050b098ce4f2f1c13a56626128790"

[[package]]
name = "matrixmultiply"
version = "0.1.15"
source = "registry+https://github.com/rust-lang/crates.io-index"
checksum = "dcad67dcec2d58ff56f6292582377e6921afdf3bfbd533e26fb8900ae575e002"
dependencies = [
 "rawpointer 0.1.0",
]

[[package]]
name = "matrixmultiply"
version = "0.3.1"
source = "registry+https://github.com/rust-lang/crates.io-index"
checksum = "5a8a15b776d9dfaecd44b03c5828c2199cddff5247215858aac14624f8d6b741"
dependencies = [
 "rawpointer 0.2.1",
]

[[package]]
name = "ndarray"
version = "0.12.1"
source = "registry+https://github.com/rust-lang/crates.io-index"
checksum = "7cf380a8af901ad627594013a3bbac903ae0a6f94e176e47e46b5bbc1877b928"
dependencies = [
 "itertools",
 "matrixmultiply 0.1.15",
 "num-complex 0.2.4",
 "num-traits",
]

[[package]]
name = "ndarray"
version = "0.15.3"
source = "registry+https://github.com/rust-lang/crates.io-index"
checksum = "08e854964160a323e65baa19a0b1a027f76d590faba01f05c0cbc3187221a8c9"
dependencies = [
 "matrixmultiply 0.3.1",
 "num-complex 0.4.0",
 "num-integer",
 "num-traits",
 "rawpointer 0.2.1",
]

[[package]]
name = "num-complex"
version = "0.2.4"
source = "registry+https://github.com/rust-lang/crates.io-index"
checksum = "b6b19411a9719e753aff12e5187b74d60d3dc449ec3f4dc21e3989c3f554bc95"
dependencies = [
 "autocfg 1.0.1",
 "num-traits",
]

[[package]]
name = "num-complex"
version = "0.4.0"
source = "registry+https://github.com/rust-lang/crates.io-index"
checksum = "26873667bbbb7c5182d4a37c1add32cdf09f841af72da53318fdb81543c15085"
dependencies = [
 "num-traits",
]

[[package]]
name = "num-integer"
version = "0.1.44"
source = "registry+https://github.com/rust-lang/crates.io-index"
checksum = "d2cc698a63b549a70bc047073d2949cce27cd1c7b0a4a862d08a8031bc2801db"
dependencies = [
 "autocfg 1.0.1",
 "num-traits",
]

[[package]]
name = "num-traits"
version = "0.2.14"
source = "registry+https://github.com/rust-lang/crates.io-index"
checksum = "9a64b1ec5cda2586e284722486d802acf1f7dbdc623e2bfc57e65ca1cd099290"
dependencies = [
 "autocfg 1.0.1",
]

[[package]]
name = "openblas-build"
version = "0.1.1"
source = "registry+https://github.com/rust-lang/crates.io-index"
checksum = "59ecb601fc56534b17316cec4a4d8c848840f2c6744538a4e0fd3833d24f2e8f"
dependencies = [
 "thiserror",
 "walkdir",
]

[[package]]
name = "openblas-src"
version = "0.10.4"
source = "registry+https://github.com/rust-lang/crates.io-index"
checksum = "35a0967b308cab5942eb908b4737385719bef9e1b4953614a0e9d26ad5d41c69"
dependencies = [
 "dirs",
 "openblas-build",
 "vcpkg",
]

[[package]]
name = "ordered-float"
version = "1.1.1"
source = "registry+https://github.com/rust-lang/crates.io-index"
checksum = "3305af35278dd29f46fcdd139e0b1fbfae2153f0e5928b39b035542dd31e37b7"
dependencies = [
 "num-traits",
]

[[package]]
name = "ppv-lite86"
version = "0.2.10"
source = "registry+https://github.com/rust-lang/crates.io-index"
checksum = "ac74c624d6b2d21f425f752262f42188365d7b8ff1aff74c82e45136510a4857"

[[package]]
name = "proc-macro2"
version = "1.0.27"
source = "registry+https://github.com/rust-lang/crates.io-index"
checksum = "f0d8caf72986c1a598726adc988bb5984792ef84f5ee5aa50209145ee8077038"
dependencies = [
 "unicode-xid",
]

[[package]]
name = "quote"
version = "1.0.9"
source = "registry+https://github.com/rust-lang/crates.io-index"
checksum = "c3d0b9745dc2debf507c8422de05d7226cc1f0644216dfdfead988f9b1ab32a7"
dependencies = [
 "proc-macro2",
]

[[package]]
name = "rand"
version = "0.5.6"
source = "registry+https://github.com/rust-lang/crates.io-index"
checksum = "c618c47cd3ebd209790115ab837de41425723956ad3ce2e6a7f09890947cacb9"
dependencies = [
 "cloudabi",
 "fuchsia-cprng",
 "libc",
 "rand_core 0.3.1",
 "winapi",
]

[[package]]
name = "rand"
version = "0.6.5"
source = "registry+https://github.com/rust-lang/crates.io-index"
checksum = "6d71dacdc3c88c1fde3885a3be3fbab9f35724e6ce99467f7d9c5026132184ca"
dependencies = [
 "autocfg 0.1.7",
 "libc",
 "rand_chacha 0.1.1",
 "rand_core 0.4.2",
 "rand_hc 0.1.0",
 "rand_isaac",
 "rand_jitter",
 "rand_os",
 "rand_pcg",
 "rand_xorshift",
 "winapi",
]

[[package]]
name = "rand"
version = "0.8.4"
source = "registry+https://github.com/rust-lang/crates.io-index"
checksum = "2e7573632e6454cf6b99d7aac4ccca54be06da05aca2ef7423d22d27d4d4bcd8"
dependencies = [
 "libc",
 "rand_chacha 0.3.1",
 "rand_core 0.6.3",
 "rand_hc 0.3.1",
]

[[package]]
name = "rand_chacha"
version = "0.1.1"
source = "registry+https://github.com/rust-lang/crates.io-index"
checksum = "556d3a1ca6600bfcbab7c7c91ccb085ac7fbbcd70e008a98742e7847f4f7bcef"
dependencies = [
 "autocfg 0.1.7",
 "rand_core 0.3.1",
]

[[package]]
name = "rand_chacha"
version = "0.3.1"
source = "registry+https://github.com/rust-lang/crates.io-index"
checksum = "e6c10a63a0fa32252be49d21e7709d4d4baf8d231c2dbce1eaa8141b9b127d88"
dependencies = [
 "ppv-lite86",
 "rand_core 0.6.3",
]

[[package]]
name = "rand_core"
version = "0.3.1"
source = "registry+https://github.com/rust-lang/crates.io-index"
checksum = "7a6fdeb83b075e8266dcc8762c22776f6877a63111121f5f8c7411e5be7eed4b"
dependencies = [
 "rand_core 0.4.2",
]

[[package]]
name = "rand_core"
version = "0.4.2"
source = "registry+https://github.com/rust-lang/crates.io-index"
checksum = "9c33a3c44ca05fa6f1807d8e6743f3824e8509beca625669633be0acbdf509dc"

[[package]]
name = "rand_core"
version = "0.6.3"
source = "registry+https://github.com/rust-lang/crates.io-index"
checksum = "d34f1408f55294453790c48b2f1ebbb1c5b4b7563eb1f418bcfcfdbb06ebb4e7"
dependencies = [
 "getrandom",
]

[[package]]
name = "rand_hc"
version = "0.1.0"
source = "registry+https://github.com/rust-lang/crates.io-index"
checksum = "7b40677c7be09ae76218dc623efbf7b18e34bced3f38883af07bb75630a21bc4"
dependencies = [
 "rand_core 0.3.1",
]

[[package]]
name = "rand_hc"
version = "0.3.1"
source = "registry+https://github.com/rust-lang/crates.io-index"
checksum = "d51e9f596de227fda2ea6c84607f5558e196eeaf43c986b724ba4fb8fdf497e7"
dependencies = [
 "rand_core 0.6.3",
]

[[package]]
name = "rand_isaac"
version = "0.1.1"
source = "registry+https://github.com/rust-lang/crates.io-index"
checksum = "ded997c9d5f13925be2a6fd7e66bf1872597f759fd9dd93513dd7e92e5a5ee08"
dependencies = [
 "rand_core 0.3.1",
]

[[package]]
name = "rand_jitter"
version = "0.1.4"
source = "registry+https://github.com/rust-lang/crates.io-index"
checksum = "1166d5c91dc97b88d1decc3285bb0a99ed84b05cfd0bc2341bdf2d43fc41e39b"
dependencies = [
 "libc",
 "rand_core 0.4.2",
 "winapi",
]

[[package]]
name = "rand_os"
version = "0.1.3"
source = "registry+https://github.com/rust-lang/crates.io-index"
checksum = "7b75f676a1e053fc562eafbb47838d67c84801e38fc1ba459e8f180deabd5071"
dependencies = [
 "cloudabi",
 "fuchsia-cprng",
 "libc",
 "rand_core 0.4.2",
 "rdrand",
 "winapi",
]

[[package]]
name = "rand_pcg"
version = "0.1.2"
source = "registry+https://github.com/rust-lang/crates.io-index"
checksum = "abf9b09b01790cfe0364f52bf32995ea3c39f4d2dd011eac241d2914146d0b44"
dependencies = [
 "autocfg 0.1.7",
 "rand_core 0.4.2",
]

[[package]]
name = "rand_xorshift"
version = "0.1.1"
source = "registry+https://github.com/rust-lang/crates.io-index"
checksum = "cbf7e9e623549b0e21f6e97cf8ecf247c1a8fd2e8a992ae265314300b2455d5c"
dependencies = [
 "rand_core 0.3.1",
]

[[package]]
name = "rand_xoshiro"
version = "0.1.0"
source = "registry+https://github.com/rust-lang/crates.io-index"
checksum = "03b418169fb9c46533f326efd6eed2576699c44ca92d3052a066214a8d828929"
dependencies = [
 "byteorder",
 "rand_core 0.3.1",
]

[[package]]
name = "rawpointer"
version = "0.1.0"
source = "registry+https://github.com/rust-lang/crates.io-index"
checksum = "ebac11a9d2e11f2af219b8b8d833b76b1ea0e054aa0e8d8e9e4cbde353bdf019"

[[package]]
name = "rawpointer"
version = "0.2.1"
source = "registry+https://github.com/rust-lang/crates.io-index"
checksum = "60a357793950651c4ed0f3f52338f53b2f809f32d83a07f72909fa13e4c6c1e3"

[[package]]
name = "rdrand"
version = "0.4.0"
source = "registry+https://github.com/rust-lang/crates.io-index"
checksum = "678054eb77286b51581ba43620cc911abf02758c91f93f479767aed0f90458b2"
dependencies = [
 "rand_core 0.3.1",
]

[[package]]
name = "redox_syscall"
version = "0.2.9"
source = "registry+https://github.com/rust-lang/crates.io-index"
checksum = "5ab49abadf3f9e1c4bc499e8845e152ad87d2ad2d30371841171169e9d75feee"
dependencies = [
 "bitflags",
]

[[package]]
name = "redox_users"
version = "0.4.0"
source = "registry+https://github.com/rust-lang/crates.io-index"
checksum = "528532f3d801c87aec9def2add9ca802fe569e44a544afe633765267840abe64"
dependencies = [
 "getrandom",
 "redox_syscall",
]

[[package]]
name = "same-file"
version = "1.0.6"
source = "registry+https://github.com/rust-lang/crates.io-index"
checksum = "93fc1dc3aaa9bfed95e02e6eadabb4baf7e3078b0bd1b4d7b6b0b68378900502"
dependencies = [
 "winapi-util",
]

[[package]]
name = "statrs"
version = "0.10.0"
source = "registry+https://github.com/rust-lang/crates.io-index"
checksum = "10102ac8d55e35db2b3fafc26f81ba8647da2e15879ab686a67e6d19af2685e8"
dependencies = [
 "rand 0.5.6",
]

[[package]]
name = "syn"
version = "1.0.73"
source = "registry+https://github.com/rust-lang/crates.io-index"
checksum = "f71489ff30030d2ae598524f61326b902466f72a0fb1a8564c001cc63425bcc7"
dependencies = [
 "proc-macro2",
 "quote",
 "unicode-xid",
]

[[package]]
name = "thiserror"
version = "1.0.26"
source = "registry+https://github.com/rust-lang/crates.io-index"
checksum = "93119e4feac1cbe6c798c34d3a53ea0026b0b1de6a120deef895137c0529bfe2"
dependencies = [
 "thiserror-impl",
]

[[package]]
name = "thiserror-impl"
version = "1.0.26"
source = "registry+https://github.com/rust-lang/crates.io-index"
checksum = "060d69a0afe7796bf42e9e2ff91f5ee691fb15c53d38b4b62a9a53eb23164745"
dependencies = [
 "proc-macro2",
 "quote",
 "syn",
]

[[package]]
name = "unicode-xid"
version = "0.2.2"
source = "registry+https://github.com/rust-lang/crates.io-index"
checksum = "8ccb82d61f80a663efe1f787a51b16b5a51e3314d6ac365b08639f52387b33f3"

[[package]]
name = "vcpkg"
version = "0.2.15"
source = "registry+https://github.com/rust-lang/crates.io-index"
checksum = "accd4ea62f7bb7a82fe23066fb0957d48ef677f6eeb8215f372f52e48bb32426"

[[package]]
name = "walkdir"
version = "2.3.2"
source = "registry+https://github.com/rust-lang/crates.io-index"
checksum = "808cf2735cd4b6866113f648b791c6adc5714537bc222d9347bb203386ffda56"
dependencies = [
 "same-file",
 "winapi",
 "winapi-util",
]

[[package]]
name = "wasi"
version = "0.10.2+wasi-snapshot-preview1"
source = "registry+https://github.com/rust-lang/crates.io-index"
checksum = "fd6fbd9a79829dd1ad0cc20627bf1ed606756a7f77edff7b66b7064f9cb327c6"

[[package]]
name = "winapi"
version = "0.3.9"
source = "registry+https://github.com/rust-lang/crates.io-index"
checksum = "5c839a674fcd7a98952e593242ea400abe93992746761e38641405d28b00f419"
dependencies = [
 "winapi-i686-pc-windows-gnu",
 "winapi-x86_64-pc-windows-gnu",
]

[[package]]
name = "winapi-i686-pc-windows-gnu"
version = "0.4.0"
source = "registry+https://github.com/rust-lang/crates.io-index"
checksum = "ac3b87c63620426dd9b991e5ce0329eff545bccbbb34f3be09ff6fb6ab51b7b6"

[[package]]
name = "winapi-util"
version = "0.1.5"
source = "registry+https://github.com/rust-lang/crates.io-index"
checksum = "70ec6ce85bb158151cae5e5c87f95a8e97d2c0c4b001223f33a334e3ce5de178"
dependencies = [
 "winapi",
]

[[package]]
name = "winapi-x86_64-pc-windows-gnu"
version = "0.4.0"
source = "registry+https://github.com/rust-lang/crates.io-index"
checksum = "712e227841d057c1ee1cd2fb22fa7e5a5461ae8e48fa2ca79ec42cfc1931183f"
